
Microsoft Visual Studio Solution File, Format Version 12.00
# Visual Studio Version 17
VisualStudioVersion = 17.0.31903.59
MinimumVisualStudioVersion = 10.0.40219.1
Project("{FAE04EC0-301F-11D3-BF4B-00C04F79EFBC}") = "RTTWorldGenProject", "RTTWorldGenProject\RTTWorldGenProject.csproj", "{41BA5264-F116-4F53-8449-B4CB155E456C}"
EndProject
Project("{FAE04EC0-301F-11D3-BF4B-00C04F79EFBC}") = "RTTWorldGen", "RTTWorldGen\RTTWorldGen.csproj", "{6CDC2A33-33D8-4606-A710-6FE113BF48DA}"
EndProject
Global
	GlobalSection(SolutionConfigurationPlatforms) = preSolution
		Debug|Any CPU = Debug|Any CPU
		Release|Any CPU = Release|Any CPU
	EndGlobalSection
	GlobalSection(SolutionProperties) = preSolution
		HideSolutionNode = FALSE
	EndGlobalSection
	GlobalSection(ProjectConfigurationPlatforms) = postSolution
		{41BA5264-F116-4F53-8449-B4CB155E456C}.Debug|Any CPU.ActiveCfg = Debug|Any CPU
		{41BA5264-F116-4F53-8449-B4CB155E456C}.Debug|Any CPU.Build.0 = Debug|Any CPU
		{41BA5264-F116-4F53-8449-B4CB155E456C}.Release|Any CPU.ActiveCfg = Release|Any CPU
		{41BA5264-F116-4F53-8449-B4CB155E456C}.Release|Any CPU.Build.0 = Release|Any CPU
		{6CDC2A33-33D8-4606-A710-6FE113BF48DA}.Debug|Any CPU.ActiveCfg = Debug|Any CPU
		{6CDC2A33-33D8-4606-A710-6FE113BF48DA}.Debug|Any CPU.Build.0 = Debug|Any CPU
		{6CDC2A33-33D8-4606-A710-6FE113BF48DA}.Release|Any CPU.ActiveCfg = Release|Any CPU
		{6CDC2A33-33D8-4606-A710-6FE113BF48DA}.Release|Any CPU.Build.0 = Release|Any CPU
	EndGlobalSection
EndGlobal
